// !$*UTF8*$!
{
	archiveVersion = 1;
	classes = {
	};
	objectVersion = 50;
	objects = {

/* Begin PBXBuildFile section */
		FA30CE622E5530FD0053783F /* AppDelegate.swift in Sources */ = {isa = PBXBuildFile; fileRef = FA30CE612E5530FD0053783F /* AppDelegate.swift */; };
		FA30CE642E5530FD0053783F /* SceneDelegate.swift in Sources */ = {isa = PBXBuildFile; fileRef = FA30CE632E5530FD0053783F /* SceneDelegate.swift */; };
		FA30CE6B2E5531020053783F /* Assets.xcassets in Resources */ = {isa = PBXBuildFile; fileRef = FA30CE6A2E5531020053783F /* Assets.xcassets */; };
		FA30CE6E2E5531020053783F /* LaunchScreen.storyboard in Resources */ = {isa = PBXBuildFile; fileRef = FA30CE6C2E5531020053783F /* LaunchScreen.storyboard */; };
		FA30CE7B2E55317C0053783F /* TeacherListVC.swift in Sources */ = {isa = PBXBuildFile; fileRef = FA30CE7A2E55317C0053783F /* TeacherListVC.swift */; };
		FA4EF4632E5FC25500A232A4 /* HomeCoordinator.swift in Sources */ = {isa = PBXBuildFile; fileRef = FA4EF4622E5FC25500A232A4 /* HomeCoordinator.swift */; };
		FA7A51A92E5E74A800CF9A31 /* MainCoordinator.swift in Sources */ = {isa = PBXBuildFile; fileRef = FA7A51A82E5E74A800CF9A31 /* MainCoordinator.swift */; };
		FA7A51AC2E5E74BB00CF9A31 /* CoordinatorProtocol.swift in Sources */ = {isa = PBXBuildFile; fileRef = FA7A51AB2E5E74BB00CF9A31 /* CoordinatorProtocol.swift */; };
/* End PBXBuildFile section */

/* Begin PBXFileReference section */
		FA30CE5E2E5530FD0053783F /* Marko.app */ = {isa = PBXFileReference; explicitFileType = wrapper.application; includeInIndex = 0; path = Marko.app; sourceTree = BUILT_PRODUCTS_DIR; };
		FA30CE612E5530FD0053783F /* AppDelegate.swift */ = {isa = PBXFileReference; lastKnownFileType = sourcecode.swift; path = AppDelegate.swift; sourceTree = "<group>"; };
		FA30CE632E5530FD0053783F /* SceneDelegate.swift */ = {isa = PBXFileReference; lastKnownFileType = sourcecode.swift; path = SceneDelegate.swift; sourceTree = "<group>"; };
		FA30CE6A2E5531020053783F /* Assets.xcassets */ = {isa = PBXFileReference; lastKnownFileType = folder.assetcatalog; path = Assets.xcassets; sourceTree = "<group>"; };
		FA30CE6D2E5531020053783F /* Base */ = {isa = PBXFileReference; lastKnownFileType = file.storyboard; name = Base; path = Base.lproj/LaunchScreen.storyboard; sourceTree = "<group>"; };
		FA30CE6F2E5531020053783F /* Info.plist */ = {isa = PBXFileReference; lastKnownFileType = text.plist.xml; path = Info.plist; sourceTree = "<group>"; };
		FA30CE7A2E55317C0053783F /* TeacherListVC.swift */ = {isa = PBXFileReference; lastKnownFileType = sourcecode.swift; path = TeacherListVC.swift; sourceTree = "<group>"; };
		FA4EF4622E5FC25500A232A4 /* HomeCoordinator.swift */ = {isa = PBXFileReference; lastKnownFileType = sourcecode.swift; path = HomeCoordinator.swift; sourceTree = "<group>"; };
		FA7A51A82E5E74A800CF9A31 /* MainCoordinator.swift */ = {isa = PBXFileReference; lastKnownFileType = sourcecode.swift; path = MainCoordinator.swift; sourceTree = "<group>"; };
		FA7A51AB2E5E74BB00CF9A31 /* CoordinatorProtocol.swift */ = {isa = PBXFileReference; lastKnownFileType = sourcecode.swift; path = CoordinatorProtocol.swift; sourceTree = "<group>"; };
/* End PBXFileReference section */

/* Begin PBXFrameworksBuildPhase section */
		FA30CE5B2E5530FD0053783F /* Frameworks */ = {
			isa = PBXFrameworksBuildPhase;
			buildActionMask = 2147483647;
			files = (
			);
			runOnlyForDeploymentPostprocessing = 0;
		};
/* End PBXFrameworksBuildPhase section */

/* Begin PBXGroup section */
		FA30CE552E5530FD0053783F = {
			isa = PBXGroup;
			children = (
				FA30CE602E5530FD0053783F /* Marko */,
				FA30CE5F2E5530FD0053783F /* Products */,
			);
			sourceTree = "<group>";
		};
		FA30CE5F2E5530FD0053783F /* Products */ = {
			isa = PBXGroup;
			children = (
				FA30CE5E2E5530FD0053783F /* Marko.app */,
			);
			name = Products;
			sourceTree = "<group>";
		};
		FA30CE602E5530FD0053783F /* Marko */ = {
			isa = PBXGroup;
			children = (
				FA7A51A22E5E73C600CF9A31 /* Resources */,
				FA7A51A12E5E73B700CF9A31 /* Extensions */,
				FA7A51A32E5E73FD00CF9A31 /* Models */,
				FA7A51A02E5E73A500CF9A31 /* Services */,
				FA7A519F2E5E738000CF9A31 /* Repositories */,
				FA7A519E2E5E735E00CF9A31 /* Features */,
				FA7A519D2E5E734B00CF9A31 /* Coordinators */,
				FA93DDB92E5E69BC00061C9B /* Application */,
			);
			path = Marko;
			sourceTree = "<group>";
		};
		FA7A519D2E5E734B00CF9A31 /* Coordinators */ = {
			isa = PBXGroup;
			children = (
				FA7A51A82E5E74A800CF9A31 /* MainCoordinator.swift */,
				FA7A51AB2E5E74BB00CF9A31 /* CoordinatorProtocol.swift */,
				FA4EF4622E5FC25500A232A4 /* HomeCoordinator.swift */,
			);
			path = Coordinators;
			sourceTree = "<group>";
		};
		FA7A519E2E5E735E00CF9A31 /* Features */ = {
			isa = PBXGroup;
			children = (
				FA7A51A72E5E747200CF9A31 /* Account */,
				FA7A51A62E5E746400CF9A31 /* Lessons */,
				FA7A51A52E5E745000CF9A31 /* TeacherDetail */,
				FA7A51A42E5E743500CF9A31 /* Home */,
			);
			path = Features;
			sourceTree = "<group>";
		};
		FA7A519F2E5E738000CF9A31 /* Repositories */ = {
			isa = PBXGroup;
			children = (
			);
			path = Repositories;
			sourceTree = "<group>";
		};
		FA7A51A02E5E73A500CF9A31 /* Services */ = {
			isa = PBXGroup;
			children = (
			);
			path = Services;
			sourceTree = "<group>";
		};
		FA7A51A12E5E73B700CF9A31 /* Extensions */ = {
			isa = PBXGroup;
			children = (
			);
			path = Extensions;
			sourceTree = "<group>";
		};
		FA7A51A22E5E73C600CF9A31 /* Resources */ = {
			isa = PBXGroup;
			children = (
				FA30CE6A2E5531020053783F /* Assets.xcassets */,
			);
			path = Resources;
			sourceTree = "<group>";
		};
		FA7A51A32E5E73FD00CF9A31 /* Models */ = {
			isa = PBXGroup;
			children = (
			);
			path = Models;
			sourceTree = "<group>";
		};
		FA7A51A42E5E743500CF9A31 /* Home */ = {
			isa = PBXGroup;
			children = (
				FA30CE7A2E55317C0053783F /* TeacherListVC.swift */,
			);
			path = Home;
			sourceTree = "<group>";
		};
		FA7A51A52E5E745000CF9A31 /* TeacherDetail */ = {
			isa = PBXGroup;
			children = (
			);
			path = TeacherDetail;
			sourceTree = "<group>";
		};
		FA7A51A62E5E746400CF9A31 /* Lessons */ = {
			isa = PBXGroup;
			children = (
			);
			path = Lessons;
			sourceTree = "<group>";
		};
		FA7A51A72E5E747200CF9A31 /* Account */ = {
			isa = PBXGroup;
			children = (
			);
			path = Account;
			sourceTree = "<group>";
		};
		FA93DDB92E5E69BC00061C9B /* Application */ = {
			isa = PBXGroup;
			children = (
				FA30CE612E5530FD0053783F /* AppDelegate.swift */,
				FA30CE632E5530FD0053783F /* SceneDelegate.swift */,
				FA30CE6C2E5531020053783F /* LaunchScreen.storyboard */,
				FA30CE6F2E5531020053783F /* Info.plist */,
			);
			path = Application;
			sourceTree = "<group>";
		};
/* End PBXGroup section */

/* Begin PBXNativeTarget section */
		FA30CE5D2E5530FD0053783F /* Marko */ = {
			isa = PBXNativeTarget;
			buildConfigurationList = FA30CE722E5531020053783F /* Build configuration list for PBXNativeTarget "Marko" */;
			buildPhases = (
				FA30CE5A2E5530FD0053783F /* Sources */,
				FA30CE5B2E5530FD0053783F /* Frameworks */,
				FA30CE5C2E5530FD0053783F /* Resources */,
			);
			buildRules = (
			);
			dependencies = (
			);
			name = Marko;
			productName = Marko;
			productReference = FA30CE5E2E5530FD0053783F /* Marko.app */;
			productType = "com.apple.product-type.application";
		};
/* End PBXNativeTarget section */

/* Begin PBXProject section */
		FA30CE562E5530FD0053783F /* Project object */ = {
			isa = PBXProject;
			attributes = {
				LastSwiftUpdateCheck = 1240;
				LastUpgradeCheck = 1240;
				TargetAttributes = {
					FA30CE5D2E5530FD0053783F = {
						CreatedOnToolsVersion = 12.4;
					};
				};
			};
			buildConfigurationList = FA30CE592E5530FD0053783F /* Build configuration list for PBXProject "Marko" */;
			compatibilityVersion = "Xcode 9.3";
			developmentRegion = en;
			hasScannedForEncodings = 0;
			knownRegions = (
				en,
				Base,
			);
			mainGroup = FA30CE552E5530FD0053783F;
			productRefGroup = FA30CE5F2E5530FD0053783F /* Products */;
			projectDirPath = "";
			projectRoot = "";
			targets = (
				FA30CE5D2E5530FD0053783F /* Marko */,
			);
		};
/* End PBXProject section */

/* Begin PBXResourcesBuildPhase section */
		FA30CE5C2E5530FD0053783F /* Resources */ = {
			isa = PBXResourcesBuildPhase;
			buildActionMask = 2147483647;
			files = (
				FA30CE6E2E5531020053783F /* LaunchScreen.storyboard in Resources */,
				FA30CE6B2E5531020053783F /* Assets.xcassets in Resources */,
			);
			runOnlyForDeploymentPostprocessing = 0;
		};
/* End PBXResourcesBuildPhase section */

/* Begin PBXSourcesBuildPhase section */
		FA30CE5A2E5530FD0053783F /* Sources */ = {
			isa = PBXSourcesBuildPhase;
			buildActionMask = 2147483647;
			files = (
				FA30CE622E5530FD0053783F /* AppDelegate.swift in Sources */,
				FA7A51A92E5E74A800CF9A31 /* MainCoordinator.swift in Sources */,
				FA7A51AC2E5E74BB00CF9A31 /* CoordinatorProtocol.swift in Sources */,
				FA30CE642E5530FD0053783F /* SceneDelegate.swift in Sources */,
				FA30CE7B2E55317C0053783F /* TeacherListVC.swift in Sources */,
				FA4EF4632E5FC25500A232A4 /* HomeCoordinator.swift in Sources */,
			);
			runOnlyForDeploymentPostprocessing = 0;
		};
/* End PBXSourcesBuildPhase section */

/* Begin PBXVariantGroup section */
		FA30CE6C2E5531020053783F /* LaunchScreen.storyboard */ = {
			isa = PBXVariantGroup;
			children = (
				FA30CE6D2E5531020053783F /* Base */,
			);
			name = LaunchScreen.storyboard;
			sourceTree = "<group>";
		};
/* End PBXVariantGroup section */

/* Begin XCBuildConfiguration section */
		FA30CE702E5531020053783F /* Debug */ = {
			isa = XCBuildConfiguration;
			buildSettings = {
				ALWAYS_SEARCH_USER_PATHS = NO;
				CLANG_ANALYZER_NONNULL = YES;
				CLANG_ANALYZER_NUMBER_OBJECT_CONVERSION = YES_AGGRESSIVE;
				CLANG_CXX_LANGUAGE_STANDARD = "gnu++14";
				CLANG_CXX_LIBRARY = "libc++";
				CLANG_ENABLE_MODULES = YES;
				CLANG_ENABLE_OBJC_ARC = YES;
				CLANG_ENABLE_OBJC_WEAK = YES;
				CLANG_WARN_BLOCK_CAPTURE_AUTORELEASING = YES;
				CLANG_WARN_BOOL_CONVERSION = YES;
				CLANG_WARN_COMMA = YES;
				CLANG_WARN_CONSTANT_CONVERSION = YES;
				CLANG_WARN_DEPRECATED_OBJC_IMPLEMENTATIONS = YES;
				CLANG_WARN_DIRECT_OBJC_ISA_USAGE = YES_ERROR;
				CLANG_WARN_DOCUMENTATION_COMMENTS = YES;
				CLANG_WARN_EMPTY_BODY = YES;
				CLANG_WARN_ENUM_CONVERSION = YES;
				CLANG_WARN_INFINITE_RECURSION = YES;
				CLANG_WARN_INT_CONVERSION = YES;
				CLANG_WARN_NON_LITERAL_NULL_CONVERSION = YES;
				CLANG_WARN_OBJC_IMPLICIT_RETAIN_SELF = YES;
				CLANG_WARN_OBJC_LITERAL_CONVERSION = YES;
				CLANG_WARN_OBJC_ROOT_CLASS = YES_ERROR;
				CLANG_WARN_QUOTED_INCLUDE_IN_FRAMEWORK_HEADER = YES;
				CLANG_WARN_RANGE_LOOP_ANALYSIS = YES;
				CLANG_WARN_STRICT_PROTOTYPES = YES;
				CLANG_WARN_SUSPICIOUS_MOVE = YES;
				CLANG_WARN_UNGUARDED_AVAILABILITY = YES_AGGRESSIVE;
				CLANG_WARN_UNREACHABLE_CODE = YES;
				CLANG_WARN__DUPLICATE_METHOD_MATCH = YES;
				COPY_PHASE_STRIP = NO;
				DEBUG_INFORMATION_FORMAT = dwarf;
				ENABLE_STRICT_OBJC_MSGSEND = YES;
				ENABLE_TESTABILITY = YES;
				GCC_C_LANGUAGE_STANDARD = gnu11;
				GCC_DYNAMIC_NO_PIC = NO;
				GCC_NO_COMMON_BLOCKS = YES;
				GCC_OPTIMIZATION_LEVEL = 0;
				GCC_PREPROCESSOR_DEFINITIONS = (
					"DEBUG=1",
					"$(inherited)",
				);
				GCC_WARN_64_TO_32_BIT_CONVERSION = YES;
				GCC_WARN_ABOUT_RETURN_TYPE = YES_ERROR;
				GCC_WARN_UNDECLARED_SELECTOR = YES;
				GCC_WARN_UNINITIALIZED_AUTOS = YES_AGGRESSIVE;
				GCC_WARN_UNUSED_FUNCTION = YES;
				GCC_WARN_UNUSED_VARIABLE = YES;
				IPHONEOS_DEPLOYMENT_TARGET = 14.4;
				MTL_ENABLE_DEBUG_INFO = INCLUDE_SOURCE;
				MTL_FAST_MATH = YES;
				ONLY_ACTIVE_ARCH = YES;
				SDKROOT = iphoneos;
				SWIFT_ACTIVE_COMPILATION_CONDITIONS = DEBUG;
				SWIFT_OPTIMIZATION_LEVEL = "-Onone";
			};
			name = Debug;
		};
		FA30CE712E5531020053783F /* Release */ = {
			isa = XCBuildConfiguration;
			buildSettings = {
				ALWAYS_SEARCH_USER_PATHS = NO;
				CLANG_ANALYZER_NONNULL = YES;
				CLANG_ANALYZER_NUMBER_OBJECT_CONVERSION = YES_AGGRESSIVE;
				CLANG_CXX_LANGUAGE_STANDARD = "gnu++14";
				CLANG_CXX_LIBRARY = "libc++";
				CLANG_ENABLE_MODULES = YES;
				CLANG_ENABLE_OBJC_ARC = YES;
				CLANG_ENABLE_OBJC_WEAK = YES;
				CLANG_WARN_BLOCK_CAPTURE_AUTORELEASING = YES;
				CLANG_WARN_BOOL_CONVERSION = YES;
				CLANG_WARN_COMMA = YES;
				CLANG_WARN_CONSTANT_CONVERSION = YES;
				CLANG_WARN_DEPRECATED_OBJC_IMPLEMENTATIONS = YES;
				CLANG_WARN_DIRECT_OBJC_ISA_USAGE = YES_ERROR;
				CLANG_WARN_DOCUMENTATION_COMMENTS = YES;
				CLANG_WARN_EMPTY_BODY = YES;
				CLANG_WARN_ENUM_CONVERSION = YES;
				CLANG_WARN_INFINITE_RECURSION = YES;
				CLANG_WARN_INT_CONVERSION = YES;
				CLANG_WARN_NON_LITERAL_NULL_CONVERSION = YES;
				CLANG_WARN_OBJC_IMPLICIT_RETAIN_SELF = YES;
				CLANG_WARN_OBJC_LITERAL_CONVERSION = YES;
				CLANG_WARN_OBJC_ROOT_CLASS = YES_ERROR;
				CLANG_WARN_QUOTED_INCLUDE_IN_FRAMEWORK_HEADER = YES;
				CLANG_WARN_RANGE_LOOP_ANALYSIS = YES;
				CLANG_WARN_STRICT_PROTOTYPES = YES;
				CLANG_WARN_SUSPICIOUS_MOVE = YES;
				CLANG_WARN_UNGUARDED_AVAILABILITY = YES_AGGRESSIVE;
				CLANG_WARN_UNREACHABLE_CODE = YES;
				CLANG_WARN__DUPLICATE_METHOD_MATCH = YES;
				COPY_PHASE_STRIP = NO;
				DEBUG_INFORMATION_FORMAT = "dwarf-with-dsym";
				ENABLE_NS_ASSERTIONS = NO;
				ENABLE_STRICT_OBJC_MSGSEND = YES;
				GCC_C_LANGUAGE_STANDARD = gnu11;
				GCC_NO_COMMON_BLOCKS = YES;
				GCC_WARN_64_TO_32_BIT_CONVERSION = YES;
				GCC_WARN_ABOUT_RETURN_TYPE = YES_ERROR;
				GCC_WARN_UNDECLARED_SELECTOR = YES;
				GCC_WARN_UNINITIALIZED_AUTOS = YES_AGGRESSIVE;
				GCC_WARN_UNUSED_FUNCTION = YES;
				GCC_WARN_UNUSED_VARIABLE = YES;
				IPHONEOS_DEPLOYMENT_TARGET = 14.4;
				MTL_ENABLE_DEBUG_INFO = NO;
				MTL_FAST_MATH = YES;
				SDKROOT = iphoneos;
				SWIFT_COMPILATION_MODE = wholemodule;
				SWIFT_OPTIMIZATION_LEVEL = "-O";
				VALIDATE_PRODUCT = YES;
			};
			name = Release;
		};
		FA30CE732E5531020053783F /* Debug */ = {
			isa = XCBuildConfiguration;
			buildSettings = {
				ASSETCATALOG_COMPILER_APPICON_NAME = AppIcon;
				ASSETCATALOG_COMPILER_GLOBAL_ACCENT_COLOR_NAME = AccentColor;
				CODE_SIGN_STYLE = Automatic;
				DEVELOPMENT_TEAM = N89V434NF8;
				INFOPLIST_FILE = Marko/Application/Info.plist;
				LD_RUNPATH_SEARCH_PATHS = (
					"$(inherited)",
					"@executable_path/Frameworks",
				);
				PRODUCT_BUNDLE_IDENTIFIER = "com.yashchenko.Marko-refined";
				PRODUCT_NAME = "$(TARGET_NAME)";
				SWIFT_VERSION = 5.0;
				TARGETED_DEVICE_FAMILY = 1;
			};
			name = Debug;
		};
		FA30CE742E5531020053783F /* Release */ = {
			isa = XCBuildConfiguration;
			buildSettings = {
				ASSETCATALOG_COMPILER_APPICON_NAME = AppIcon;
				ASSETCATALOG_COMPILER_GLOBAL_ACCENT_COLOR_NAME = AccentColor;
				CODE_SIGN_STYLE = Automatic;
				DEVELOPMENT_TEAM = N89V434NF8;
				INFOPLIST_FILE = Marko/Application/Info.plist;
				LD_RUNPATH_SEARCH_PATHS = (
					"$(inherited)",
					"@executable_path/Frameworks",
				);
				PRODUCT_BUNDLE_IDENTIFIER = "com.yashchenko.Marko-refined";
				PRODUCT_NAME = "$(TARGET_NAME)";
				SWIFT_VERSION = 5.0;
				TARGETED_DEVICE_FAMILY = 1;
			};
			name = Release;
		};
/* End XCBuildConfiguration section */

/* Begin XCConfigurationList section */
		FA30CE592E5530FD0053783F /* Build configuration list for PBXProject "Marko" */ = {
			isa = XCConfigurationList;
			buildConfigurations = (
				FA30CE702E5531020053783F /* Debug */,
				FA30CE712E5531020053783F /* Release */,
			);
			defaultConfigurationIsVisible = 0;
			defaultConfigurationName = Release;
		};
		FA30CE722E5531020053783F /* Build configuration list for PBXNativeTarget "Marko" */ = {
			isa = XCConfigurationList;
			buildConfigurations = (
				FA30CE732E5531020053783F /* Debug */,
				FA30CE742E5531020053783F /* Release */,
			);
			defaultConfigurationIsVisible = 0;
			defaultConfigurationName = Release;
		};
/* End XCConfigurationList section */
	};
	rootObject = FA30CE562E5530FD0053783F /* Project object */;
}
